
Microsoft Visual Studio Solution File, Format Version 12.00
# Visual Studio Version 17
VisualStudioVersion = 17.13.35931.197 d17.13
MinimumVisualStudioVersion = 10.0.40219.1
Project("{2150E333-8FDC-42A3-9474-1A3956D46DE8}") = "AspNetCore.Application", "AspNetCore.Application", "{02EA681E-C7D8-13C7-8484-4AC65E1B71E8}"
EndProject
Project("{2150E333-8FDC-42A3-9474-1A3956D46DE8}") = "Console.Application", "Console.Application", "{5DBF968F-E265-43F1-81CF-9DD5E0E4DFC8}"
EndProject
Project("{2150E333-8FDC-42A3-9474-1A3956D46DE8}") = "MessageBroker.Scenario", "MessageBroker.Scenario", "{369CB01D-A1A7-72D2-AABC-3F0945D148A2}"
EndProject
Project("{FAE04EC0-301F-11D3-BF4B-00C04F79EFBC}") = "ConsoleApp", "Console.Application\ConsoleApp\ConsoleApp.csproj", "{16B03ADE-C307-4B01-A4D9-33F5541072CB}"
EndProject
Global
	GlobalSection(SolutionConfigurationPlatforms) = preSolution
		Debug|Any CPU = Debug|Any CPU
		Release|Any CPU = Release|Any CPU
	EndGlobalSection
	GlobalSection(ProjectConfigurationPlatforms) = postSolution
		{16B03ADE-C307-4B01-A4D9-33F5541072CB}.Debug|Any CPU.ActiveCfg = Debug|Any CPU
		{16B03ADE-C307-4B01-A4D9-33F5541072CB}.Debug|Any CPU.Build.0 = Debug|Any CPU
		{16B03ADE-C307-4B01-A4D9-33F5541072CB}.Release|Any CPU.ActiveCfg = Release|Any CPU
		{16B03ADE-C307-4B01-A4D9-33F5541072CB}.Release|Any CPU.Build.0 = Release|Any CPU
	EndGlobalSection
	GlobalSection(SolutionProperties) = preSolution
		HideSolutionNode = FALSE
	EndGlobalSection
	GlobalSection(NestedProjects) = preSolution
		{16B03ADE-C307-4B01-A4D9-33F5541072CB} = {5DBF968F-E265-43F1-81CF-9DD5E0E4DFC8}
	EndGlobalSection
	GlobalSection(ExtensibilityGlobals) = postSolution
		SolutionGuid = {9F70B243-4DA9-4FD7-AED7-198134BAA730}
	EndGlobalSection
EndGlobal
